
Microsoft Visual Studio Solution File, Format Version 12.00
# Visual Studio 15
VisualStudioVersion = 15.0.28307.329
MinimumVisualStudioVersion = 10.0.40219.1
Project("{8BC9CEB8-8B4A-11D0-8D11-00A0C91BC942}") = "Project1", "Project1\Project1.vcxproj", "{96999EE9-3A6A-4528-8477-E2E9BE74B165}"
EndProject
Global
	GlobalSection(SolutionConfigurationPlatforms) = preSolution
		Debug|x64 = Debug|x64
		Debug|x86 = Debug|x86
		Release|x64 = Release|x64
		Release|x86 = Release|x86
	EndGlobalSection
	GlobalSection(ProjectConfigurationPlatforms) = postSolution
		{96999EE9-3A6A-4528-8477-E2E9BE74B165}.Debug|x64.ActiveCfg = Debug|x64
		{96999EE9-3A6A-4528-8477-E2E9BE74B165}.Debug|x64.Build.0 = Debug|x64
		{96999EE9-3A6A-4528-8477-E2E9BE74B165}.Debug|x86.ActiveCfg = Debug|Win32
		{96999EE9-3A6A-4528-8477-E2E9BE74B165}.Debug|x86.Build.0 = Debug|Win32
		{96999EE9-3A6A-4528-8477-E2E9BE74B165}.Release|x64.ActiveCfg = Release|x64
		{96999EE9-3A6A-4528-8477-E2E9BE74B165}.Release|x64.Build.0 = Release|x64
		{96999EE9-3A6A-4528-8477-E2E9BE74B165}.Release|x86.ActiveCfg = Release|Win32
		{96999EE9-3A6A-4528-8477-E2E9BE74B165}.Release|x86.Build.0 = Release|Win32
	EndGlobalSection
	GlobalSection(SolutionProperties) = preSolution
		HideSolutionNode = FALSE
	EndGlobalSection
	GlobalSection(ExtensibilityGlobals) = postSolution
		SolutionGuid = {2065CAF7-CFCD-427D-BAD8-66A15FB856BA}
	EndGlobalSection
EndGlobal
